
Microsoft Visual Studio Solution File, Format Version 12.00
# Visual Studio Version 17
VisualStudioVersion = 17.1.32210.238
MinimumVisualStudioVersion = 10.0.40219.1
Project("{9A19103F-16F7-4668-BE54-9A1E7A4F7556}") = "ShopsRU", "ShopsRU.csproj", "{7C90A4D2-E83D-420D-9C8B-A94697A20D3A}"
EndProject
Project("{9A19103F-16F7-4668-BE54-9A1E7A4F7556}") = "ShopsRUsModel", "..\ShopsRUsModel\ShopsRUsModel.csproj", "{9B482014-BBAD-47C4-BDC6-51306382A3E1}"
EndProject
Project("{9A19103F-16F7-4668-BE54-9A1E7A4F7556}") = "ShopsRUsData", "..\ShopsRUsData\ShopsRUsData.csproj", "{6AD5CABD-72DA-4B00-9A83-1B9803EBEC40}"
EndProject
Project("{9A19103F-16F7-4668-BE54-9A1E7A4F7556}") = "ShopsRULogic", "..\ShopsRULogic\ShopsRULogic.csproj", "{888002C7-EA5F-4005-88F5-2F7759DDAA43}"
EndProject
Project("{FAE04EC0-301F-11D3-BF4B-00C04F79EFBC}") = "ShopRUsTests", "..\ShopRUsTests\ShopRUsTests.csproj", "{1BEB6107-EB79-4860-9321-AE46226F5D52}"
EndProject
Global
	GlobalSection(SolutionConfigurationPlatforms) = preSolution
		Debug|Any CPU = Debug|Any CPU
		Release|Any CPU = Release|Any CPU
	EndGlobalSection
	GlobalSection(ProjectConfigurationPlatforms) = postSolution
		{7C90A4D2-E83D-420D-9C8B-A94697A20D3A}.Debug|Any CPU.ActiveCfg = Debug|Any CPU
		{7C90A4D2-E83D-420D-9C8B-A94697A20D3A}.Debug|Any CPU.Build.0 = Debug|Any CPU
		{7C90A4D2-E83D-420D-9C8B-A94697A20D3A}.Release|Any CPU.ActiveCfg = Release|Any CPU
		{7C90A4D2-E83D-420D-9C8B-A94697A20D3A}.Release|Any CPU.Build.0 = Release|Any CPU
		{9B482014-BBAD-47C4-BDC6-51306382A3E1}.Debug|Any CPU.ActiveCfg = Debug|Any CPU
		{9B482014-BBAD-47C4-BDC6-51306382A3E1}.Debug|Any CPU.Build.0 = Debug|Any CPU
		{9B482014-BBAD-47C4-BDC6-51306382A3E1}.Release|Any CPU.ActiveCfg = Release|Any CPU
		{9B482014-BBAD-47C4-BDC6-51306382A3E1}.Release|Any CPU.Build.0 = Release|Any CPU
		{6AD5CABD-72DA-4B00-9A83-1B9803EBEC40}.Debug|Any CPU.ActiveCfg = Debug|Any CPU
		{6AD5CABD-72DA-4B00-9A83-1B9803EBEC40}.Debug|Any CPU.Build.0 = Debug|Any CPU
		{6AD5CABD-72DA-4B00-9A83-1B9803EBEC40}.Release|Any CPU.ActiveCfg = Release|Any CPU
		{6AD5CABD-72DA-4B00-9A83-1B9803EBEC40}.Release|Any CPU.Build.0 = Release|Any CPU
		{888002C7-EA5F-4005-88F5-2F7759DDAA43}.Debug|Any CPU.ActiveCfg = Debug|Any CPU
		{888002C7-EA5F-4005-88F5-2F7759DDAA43}.Debug|Any CPU.Build.0 = Debug|Any CPU
		{888002C7-EA5F-4005-88F5-2F7759DDAA43}.Release|Any CPU.ActiveCfg = Release|Any CPU
		{888002C7-EA5F-4005-88F5-2F7759DDAA43}.Release|Any CPU.Build.0 = Release|Any CPU
		{1BEB6107-EB79-4860-9321-AE46226F5D52}.Debug|Any CPU.ActiveCfg = Debug|Any CPU
		{1BEB6107-EB79-4860-9321-AE46226F5D52}.Debug|Any CPU.Build.0 = Debug|Any CPU
		{1BEB6107-EB79-4860-9321-AE46226F5D52}.Release|Any CPU.ActiveCfg = Release|Any CPU
		{1BEB6107-EB79-4860-9321-AE46226F5D52}.Release|Any CPU.Build.0 = Release|Any CPU
	EndGlobalSection
	GlobalSection(SolutionProperties) = preSolution
		HideSolutionNode = FALSE
	EndGlobalSection
	GlobalSection(ExtensibilityGlobals) = postSolution
		SolutionGuid = {2695A518-CC17-4D3F-9D58-97D8A9F8012D}
	EndGlobalSection
EndGlobal
